{
  "name": "flappy_ts",
  "version": "1.0.0",
  "lockfileVersion": 1,
  "requires": true,
  "dependencies": {
    "@types/pubsub-js": {
      "version": "1.5.18",
      "resolved": "https://registry.npmjs.org/@types/pubsub-js/-/pubsub-js-1.5.18.tgz",
      "integrity": "sha512-1xFx7o/DKwbDm5UwjnkkeAVk+U1puh0odDkY+NpTCuQfbhcGh4+fjQSuKVHLPP1F9osj3/lDtnr71kud9u3ZYA==",
      "dev": true
    },
    "hammerjs": {
      "version": "2.0.8",
      "resolved": "https://registry.npmjs.org/hammerjs/-/hammerjs-2.0.8.tgz",
      "integrity": "sha1-BO93hiz/K7edMPdpIJWTAiK/YPE="
    },
    "pubsub-js": {
      "version": "1.5.8",
      "resolved": "https://registry.npmjs.org/pubsub-js/-/pubsub-js-1.5.8.tgz",
      "integrity": "sha512-xFYiphLY6y4P+c4fI8S5gBAeLr2/aJDShE8wNxEXyZzT+wqtP7HA+CUDXnkVpgsFy7va8KL1N+8/4lAfqJbnQg=="
    },
    "systemjs": {
      "version": "https://registry.npmjs.org/systemjs/-/systemjs-0.20.16.tgz",
      "integrity": "sha1-zzABYDIzSQefMPqt3Z7BKAfT0Js="
    }
  }
}
